
Microsoft Visual Studio Solution File, Format Version 12.00
# Visual Studio Version 17
VisualStudioVersion = 17.5.33516.290
MinimumVisualStudioVersion = 10.0.40219.1
Project("{FAE04EC0-301F-11D3-BF4B-00C04F79EFBC}") = "MB002", "MB002\MB002.csproj", "{B668B511-ECB9-4470-B8A3-A6B365FF98D1}"
EndProject
Global
	GlobalSection(SolutionConfigurationPlatforms) = preSolution
		Debug|Any CPU = Debug|Any CPU
		Release|Any CPU = Release|Any CPU
	EndGlobalSection
	GlobalSection(ProjectConfigurationPlatforms) = postSolution
		{B668B511-ECB9-4470-B8A3-A6B365FF98D1}.Debug|Any CPU.ActiveCfg = Debug|Any CPU
		{B668B511-ECB9-4470-B8A3-A6B365FF98D1}.Debug|Any CPU.Build.0 = Debug|Any CPU
		{B668B511-ECB9-4470-B8A3-A6B365FF98D1}.Release|Any CPU.ActiveCfg = Release|Any CPU
		{B668B511-ECB9-4470-B8A3-A6B365FF98D1}.Release|Any CPU.Build.0 = Release|Any CPU
	EndGlobalSection
	GlobalSection(SolutionProperties) = preSolution
		HideSolutionNode = FALSE
	EndGlobalSection
	GlobalSection(ExtensibilityGlobals) = postSolution
		SolutionGuid = {0E385238-5F09-4509-B25B-A0B3CCA3984E}
	EndGlobalSection
EndGlobal
