
Microsoft Visual Studio Solution File, Format Version 12.00
# Visual Studio Version 17
VisualStudioVersion = 17.5.33516.290
MinimumVisualStudioVersion = 10.0.40219.1
Project("{FAE04EC0-301F-11D3-BF4B-00C04F79EFBC}") = "MB001", "MB001\MB001.csproj", "{318DFC31-9E88-425B-BC79-2271963C6CCC}"
EndProject
Global
	GlobalSection(SolutionConfigurationPlatforms) = preSolution
		Debug|Any CPU = Debug|Any CPU
		Release|Any CPU = Release|Any CPU
	EndGlobalSection
	GlobalSection(ProjectConfigurationPlatforms) = postSolution
		{318DFC31-9E88-425B-BC79-2271963C6CCC}.Debug|Any CPU.ActiveCfg = Debug|Any CPU
		{318DFC31-9E88-425B-BC79-2271963C6CCC}.Debug|Any CPU.Build.0 = Debug|Any CPU
		{318DFC31-9E88-425B-BC79-2271963C6CCC}.Release|Any CPU.ActiveCfg = Release|Any CPU
		{318DFC31-9E88-425B-BC79-2271963C6CCC}.Release|Any CPU.Build.0 = Release|Any CPU
	EndGlobalSection
	GlobalSection(SolutionProperties) = preSolution
		HideSolutionNode = FALSE
	EndGlobalSection
	GlobalSection(ExtensibilityGlobals) = postSolution
		SolutionGuid = {26643185-9B3D-4224-B167-AC4FAD87AA17}
	EndGlobalSection
EndGlobal
